
Microsoft Visual Studio Solution File, Format Version 12.00
# Visual Studio Version 16
VisualStudioVersion = 16.0.30330.147
MinimumVisualStudioVersion = 10.0.40219.1
Project("{9A19103F-16F7-4668-BE54-9A1E7A4F7556}") = "NetCoreAPI", "NetCoreAPI\NetCoreAPI.csproj", "{0EEFC60E-5D5B-41CC-BCDB-02A1ADF002F9}"
EndProject
Project("{FAE04EC0-301F-11D3-BF4B-00C04F79EFBC}") = "NetCoreAPI.IntegrationTests", "NetCoreAPI.IntegrationTests\NetCoreAPI.IntegrationTests.csproj", "{685D0E5B-B438-4953-AD07-E59FF6D2E380}"
EndProject
Global
	GlobalSection(SolutionConfigurationPlatforms) = preSolution
		Debug|Any CPU = Debug|Any CPU
		Release|Any CPU = Release|Any CPU
	EndGlobalSection
	GlobalSection(ProjectConfigurationPlatforms) = postSolution
		{0EEFC60E-5D5B-41CC-BCDB-02A1ADF002F9}.Debug|Any CPU.ActiveCfg = Debug|Any CPU
		{0EEFC60E-5D5B-41CC-BCDB-02A1ADF002F9}.Debug|Any CPU.Build.0 = Debug|Any CPU
		{0EEFC60E-5D5B-41CC-BCDB-02A1ADF002F9}.Release|Any CPU.ActiveCfg = Release|Any CPU
		{0EEFC60E-5D5B-41CC-BCDB-02A1ADF002F9}.Release|Any CPU.Build.0 = Release|Any CPU
		{685D0E5B-B438-4953-AD07-E59FF6D2E380}.Debug|Any CPU.ActiveCfg = Debug|Any CPU
		{685D0E5B-B438-4953-AD07-E59FF6D2E380}.Debug|Any CPU.Build.0 = Debug|Any CPU
		{685D0E5B-B438-4953-AD07-E59FF6D2E380}.Release|Any CPU.ActiveCfg = Release|Any CPU
		{685D0E5B-B438-4953-AD07-E59FF6D2E380}.Release|Any CPU.Build.0 = Release|Any CPU
	EndGlobalSection
	GlobalSection(SolutionProperties) = preSolution
		HideSolutionNode = FALSE
	EndGlobalSection
	GlobalSection(ExtensibilityGlobals) = postSolution
		SolutionGuid = {BEBE1716-04D5-4018-A064-75ED28C22FD8}
	EndGlobalSection
EndGlobal
